
Microsoft Visual Studio Solution File, Format Version 12.00
# Visual Studio Version 17
VisualStudioVersion = 17.4.33213.308
MinimumVisualStudioVersion = 10.0.40219.1
Project("{2150E333-8FDC-42A3-9474-1A3956D46DE8}") = "Solution Items", "Solution Items", "{710AAE57-9463-4A3D-9DAF-45FB678983E9}"
	ProjectSection(SolutionItems) = preProject
		Readme.md = Readme.md
	EndProjectSection
EndProject
Project("{2150E333-8FDC-42A3-9474-1A3956D46DE8}") = "src", "src", "{9EDB4D6B-58BC-41E6-A92A-AA360454C426}"
EndProject
Project("{2150E333-8FDC-42A3-9474-1A3956D46DE8}") = "tests", "tests", "{74C2EA94-FD86-4AFE-AAFE-40F7F1C6939B}"
EndProject
Project("{2150E333-8FDC-42A3-9474-1A3956D46DE8}") = "adhoc", "adhoc", "{4FE9E565-25E5-4285-ADD9-4886A5A6DA00}"
EndProject
Project("{9A19103F-16F7-4668-BE54-9A1E7A4F7556}") = "AdhocConsole", "adhoc\AdhocConsole.csproj", "{D009BCBD-D6DC-4329-B1AA-913E2E608DB7}"
EndProject
Project("{9A19103F-16F7-4668-BE54-9A1E7A4F7556}") = "Rowbot.ClosedXml", "src\Rowbot.ClosedXml\Rowbot.ClosedXml.csproj", "{63A7AA1D-273B-4288-9A5A-915E2F7DEA90}"
EndProject
Project("{9A19103F-16F7-4668-BE54-9A1E7A4F7556}") = "Rowbot.ClosedXml.Test", "tests\Rowbot.ClosedXml.Test\Rowbot.ClosedXml.Test.csproj", "{7932C696-1E52-4038-A128-6F18F92526DA}"
EndProject
Project("{2150E333-8FDC-42A3-9474-1A3956D46DE8}") = "benchmarks", "benchmarks", "{0AE70E4B-BD39-46B6-99C1-76F7907C5120}"
	ProjectSection(SolutionItems) = preProject
		benchmarks\excel_benchmark_result.png = benchmarks\excel_benchmark_result.png
	EndProjectSection
EndProject
Project("{2150E333-8FDC-42A3-9474-1A3956D46DE8}") = "examples", "examples", "{E2985BB1-AA39-4560-9764-F8915379FF75}"
EndProject
Project("{9A19103F-16F7-4668-BE54-9A1E7A4F7556}") = "Benchmarks.Excel", "benchmarks\Benchmarks.Excel\Benchmarks.Excel.csproj", "{E4AD96C4-AB52-47B4-8C93-053D3F4FD00B}"
EndProject
Project("{9A19103F-16F7-4668-BE54-9A1E7A4F7556}") = "Examples.SimpleDemos", "examples\Examples.SimpleDemos\Examples.SimpleDemos.csproj", "{23FDE1D1-F934-4C35-A66E-BC2531126BCF}"
EndProject
Project("{9A19103F-16F7-4668-BE54-9A1E7A4F7556}") = "Rowbot", "src\Rowbot\Rowbot.csproj", "{54571189-6A82-4CA5-A1C2-804A9C4DB713}"
EndProject
Project("{9A19103F-16F7-4668-BE54-9A1E7A4F7556}") = "Rowbot.Test", "tests\Rowbot.Test\Rowbot.Test.csproj", "{5C5DFC50-86A8-48AA-BDC0-403029B06657}"
EndProject
Global
	GlobalSection(SolutionConfigurationPlatforms) = preSolution
		Debug|Any CPU = Debug|Any CPU
		Release|Any CPU = Release|Any CPU
	EndGlobalSection
	GlobalSection(ProjectConfigurationPlatforms) = postSolution
		{D009BCBD-D6DC-4329-B1AA-913E2E608DB7}.Debug|Any CPU.ActiveCfg = Debug|Any CPU
		{D009BCBD-D6DC-4329-B1AA-913E2E608DB7}.Debug|Any CPU.Build.0 = Debug|Any CPU
		{D009BCBD-D6DC-4329-B1AA-913E2E608DB7}.Release|Any CPU.ActiveCfg = Release|Any CPU
		{D009BCBD-D6DC-4329-B1AA-913E2E608DB7}.Release|Any CPU.Build.0 = Release|Any CPU
		{63A7AA1D-273B-4288-9A5A-915E2F7DEA90}.Debug|Any CPU.ActiveCfg = Debug|Any CPU
		{63A7AA1D-273B-4288-9A5A-915E2F7DEA90}.Debug|Any CPU.Build.0 = Debug|Any CPU
		{63A7AA1D-273B-4288-9A5A-915E2F7DEA90}.Release|Any CPU.ActiveCfg = Release|Any CPU
		{63A7AA1D-273B-4288-9A5A-915E2F7DEA90}.Release|Any CPU.Build.0 = Release|Any CPU
		{7932C696-1E52-4038-A128-6F18F92526DA}.Debug|Any CPU.ActiveCfg = Debug|Any CPU
		{7932C696-1E52-4038-A128-6F18F92526DA}.Debug|Any CPU.Build.0 = Debug|Any CPU
		{7932C696-1E52-4038-A128-6F18F92526DA}.Release|Any CPU.ActiveCfg = Release|Any CPU
		{7932C696-1E52-4038-A128-6F18F92526DA}.Release|Any CPU.Build.0 = Release|Any CPU
		{E4AD96C4-AB52-47B4-8C93-053D3F4FD00B}.Debug|Any CPU.ActiveCfg = Debug|Any CPU
		{E4AD96C4-AB52-47B4-8C93-053D3F4FD00B}.Debug|Any CPU.Build.0 = Debug|Any CPU
		{E4AD96C4-AB52-47B4-8C93-053D3F4FD00B}.Release|Any CPU.ActiveCfg = Release|Any CPU
		{E4AD96C4-AB52-47B4-8C93-053D3F4FD00B}.Release|Any CPU.Build.0 = Release|Any CPU
		{23FDE1D1-F934-4C35-A66E-BC2531126BCF}.Debug|Any CPU.ActiveCfg = Debug|Any CPU
		{23FDE1D1-F934-4C35-A66E-BC2531126BCF}.Debug|Any CPU.Build.0 = Debug|Any CPU
		{23FDE1D1-F934-4C35-A66E-BC2531126BCF}.Release|Any CPU.ActiveCfg = Release|Any CPU
		{23FDE1D1-F934-4C35-A66E-BC2531126BCF}.Release|Any CPU.Build.0 = Release|Any CPU
		{54571189-6A82-4CA5-A1C2-804A9C4DB713}.Debug|Any CPU.ActiveCfg = Debug|Any CPU
		{54571189-6A82-4CA5-A1C2-804A9C4DB713}.Debug|Any CPU.Build.0 = Debug|Any CPU
		{54571189-6A82-4CA5-A1C2-804A9C4DB713}.Release|Any CPU.ActiveCfg = Release|Any CPU
		{54571189-6A82-4CA5-A1C2-804A9C4DB713}.Release|Any CPU.Build.0 = Release|Any CPU
		{5C5DFC50-86A8-48AA-BDC0-403029B06657}.Debug|Any CPU.ActiveCfg = Debug|Any CPU
		{5C5DFC50-86A8-48AA-BDC0-403029B06657}.Debug|Any CPU.Build.0 = Debug|Any CPU
		{5C5DFC50-86A8-48AA-BDC0-403029B06657}.Release|Any CPU.ActiveCfg = Release|Any CPU
		{5C5DFC50-86A8-48AA-BDC0-403029B06657}.Release|Any CPU.Build.0 = Release|Any CPU
	EndGlobalSection
	GlobalSection(SolutionProperties) = preSolution
		HideSolutionNode = FALSE
	EndGlobalSection
	GlobalSection(NestedProjects) = preSolution
		{D009BCBD-D6DC-4329-B1AA-913E2E608DB7} = {4FE9E565-25E5-4285-ADD9-4886A5A6DA00}
		{63A7AA1D-273B-4288-9A5A-915E2F7DEA90} = {9EDB4D6B-58BC-41E6-A92A-AA360454C426}
		{7932C696-1E52-4038-A128-6F18F92526DA} = {74C2EA94-FD86-4AFE-AAFE-40F7F1C6939B}
		{E4AD96C4-AB52-47B4-8C93-053D3F4FD00B} = {0AE70E4B-BD39-46B6-99C1-76F7907C5120}
		{23FDE1D1-F934-4C35-A66E-BC2531126BCF} = {E2985BB1-AA39-4560-9764-F8915379FF75}
		{54571189-6A82-4CA5-A1C2-804A9C4DB713} = {9EDB4D6B-58BC-41E6-A92A-AA360454C426}
		{5C5DFC50-86A8-48AA-BDC0-403029B06657} = {74C2EA94-FD86-4AFE-AAFE-40F7F1C6939B}
	EndGlobalSection
	GlobalSection(ExtensibilityGlobals) = postSolution
		SolutionGuid = {7606E3C0-4954-4B32-8771-25B94B90D2B1}
	EndGlobalSection
EndGlobal
